
Microsoft Visual Studio Solution File, Format Version 12.00
# Visual Studio Version 16
VisualStudioVersion = 16.0.30114.105
MinimumVisualStudioVersion = 10.0.40219.1
Project("{FAE04EC0-301F-11D3-BF4B-00C04F79EFBC}") = "R5T.L0014", "R5T.L0014\R5T.L0014.csproj", "{66AF549E-6892-4932-B4D9-5B43FF3B18D9}"
EndProject
Project("{FAE04EC0-301F-11D3-BF4B-00C04F79EFBC}") = "R5T.L0014.Construction", "R5T.L0014.Construction\R5T.L0014.Construction.csproj", "{95931D06-4450-4DB8-BA0A-EF8B2A6F03ED}"
EndProject
Project("{FAE04EC0-301F-11D3-BF4B-00C04F79EFBC}") = "R5T.L0014.X001", "R5T.L0014.X001\R5T.L0014.X001.csproj", "{A0E7E91E-B304-4FA2-9C1A-A9CBEF0D668B}"
EndProject
Global
	GlobalSection(SolutionConfigurationPlatforms) = preSolution
		Debug|Any CPU = Debug|Any CPU
		Debug|x64 = Debug|x64
		Debug|x86 = Debug|x86
		Release|Any CPU = Release|Any CPU
		Release|x64 = Release|x64
		Release|x86 = Release|x86
	EndGlobalSection
	GlobalSection(SolutionProperties) = preSolution
		HideSolutionNode = FALSE
	EndGlobalSection
	GlobalSection(ProjectConfigurationPlatforms) = postSolution
		{66AF549E-6892-4932-B4D9-5B43FF3B18D9}.Debug|Any CPU.ActiveCfg = Debug|Any CPU
		{66AF549E-6892-4932-B4D9-5B43FF3B18D9}.Debug|Any CPU.Build.0 = Debug|Any CPU
		{66AF549E-6892-4932-B4D9-5B43FF3B18D9}.Debug|x64.ActiveCfg = Debug|Any CPU
		{66AF549E-6892-4932-B4D9-5B43FF3B18D9}.Debug|x64.Build.0 = Debug|Any CPU
		{66AF549E-6892-4932-B4D9-5B43FF3B18D9}.Debug|x86.ActiveCfg = Debug|Any CPU
		{66AF549E-6892-4932-B4D9-5B43FF3B18D9}.Debug|x86.Build.0 = Debug|Any CPU
		{66AF549E-6892-4932-B4D9-5B43FF3B18D9}.Release|Any CPU.ActiveCfg = Release|Any CPU
		{66AF549E-6892-4932-B4D9-5B43FF3B18D9}.Release|Any CPU.Build.0 = Release|Any CPU
		{66AF549E-6892-4932-B4D9-5B43FF3B18D9}.Release|x64.ActiveCfg = Release|Any CPU
		{66AF549E-6892-4932-B4D9-5B43FF3B18D9}.Release|x64.Build.0 = Release|Any CPU
		{66AF549E-6892-4932-B4D9-5B43FF3B18D9}.Release|x86.ActiveCfg = Release|Any CPU
		{66AF549E-6892-4932-B4D9-5B43FF3B18D9}.Release|x86.Build.0 = Release|Any CPU
		{95931D06-4450-4DB8-BA0A-EF8B2A6F03ED}.Debug|Any CPU.ActiveCfg = Debug|Any CPU
		{95931D06-4450-4DB8-BA0A-EF8B2A6F03ED}.Debug|Any CPU.Build.0 = Debug|Any CPU
		{95931D06-4450-4DB8-BA0A-EF8B2A6F03ED}.Debug|x64.ActiveCfg = Debug|Any CPU
		{95931D06-4450-4DB8-BA0A-EF8B2A6F03ED}.Debug|x64.Build.0 = Debug|Any CPU
		{95931D06-4450-4DB8-BA0A-EF8B2A6F03ED}.Debug|x86.ActiveCfg = Debug|Any CPU
		{95931D06-4450-4DB8-BA0A-EF8B2A6F03ED}.Debug|x86.Build.0 = Debug|Any CPU
		{95931D06-4450-4DB8-BA0A-EF8B2A6F03ED}.Release|Any CPU.ActiveCfg = Release|Any CPU
		{95931D06-4450-4DB8-BA0A-EF8B2A6F03ED}.Release|Any CPU.Build.0 = Release|Any CPU
		{95931D06-4450-4DB8-BA0A-EF8B2A6F03ED}.Release|x64.ActiveCfg = Release|Any CPU
		{95931D06-4450-4DB8-BA0A-EF8B2A6F03ED}.Release|x64.Build.0 = Release|Any CPU
		{95931D06-4450-4DB8-BA0A-EF8B2A6F03ED}.Release|x86.ActiveCfg = Release|Any CPU
		{95931D06-4450-4DB8-BA0A-EF8B2A6F03ED}.Release|x86.Build.0 = Release|Any CPU
		{A0E7E91E-B304-4FA2-9C1A-A9CBEF0D668B}.Debug|Any CPU.ActiveCfg = Debug|Any CPU
		{A0E7E91E-B304-4FA2-9C1A-A9CBEF0D668B}.Debug|Any CPU.Build.0 = Debug|Any CPU
		{A0E7E91E-B304-4FA2-9C1A-A9CBEF0D668B}.Debug|x64.ActiveCfg = Debug|Any CPU
		{A0E7E91E-B304-4FA2-9C1A-A9CBEF0D668B}.Debug|x64.Build.0 = Debug|Any CPU
		{A0E7E91E-B304-4FA2-9C1A-A9CBEF0D668B}.Debug|x86.ActiveCfg = Debug|Any CPU
		{A0E7E91E-B304-4FA2-9C1A-A9CBEF0D668B}.Debug|x86.Build.0 = Debug|Any CPU
		{A0E7E91E-B304-4FA2-9C1A-A9CBEF0D668B}.Release|Any CPU.ActiveCfg = Release|Any CPU
		{A0E7E91E-B304-4FA2-9C1A-A9CBEF0D668B}.Release|Any CPU.Build.0 = Release|Any CPU
		{A0E7E91E-B304-4FA2-9C1A-A9CBEF0D668B}.Release|x64.ActiveCfg = Release|Any CPU
		{A0E7E91E-B304-4FA2-9C1A-A9CBEF0D668B}.Release|x64.Build.0 = Release|Any CPU
		{A0E7E91E-B304-4FA2-9C1A-A9CBEF0D668B}.Release|x86.ActiveCfg = Release|Any CPU
		{A0E7E91E-B304-4FA2-9C1A-A9CBEF0D668B}.Release|x86.Build.0 = Release|Any CPU
	EndGlobalSection
EndGlobal
