
Microsoft Visual Studio Solution File, Format Version 12.00
# Visual Studio Version 16
VisualStudioVersion = 16.6.30114.105
MinimumVisualStudioVersion = 10.0.40219.1
Project("{FAE04EC0-301F-11D3-BF4B-00C04F79EFBC}") = "R5T.L0014.Construction", "R5T.L0014.Construction\R5T.L0014.Construction.csproj", "{46BFE0BD-27D1-410E-A228-DFAB6A052853}"
EndProject
Project("{FAE04EC0-301F-11D3-BF4B-00C04F79EFBC}") = "R5T.L0014", "R5T.L0014\R5T.L0014.csproj", "{6AD61AF5-93F2-4808-8B10-0C9F02E2643D}"
EndProject
Global
	GlobalSection(SolutionConfigurationPlatforms) = preSolution
		Debug|Any CPU = Debug|Any CPU
		Debug|x64 = Debug|x64
		Debug|x86 = Debug|x86
		Release|Any CPU = Release|Any CPU
		Release|x64 = Release|x64
		Release|x86 = Release|x86
	EndGlobalSection
	GlobalSection(SolutionProperties) = preSolution
		HideSolutionNode = FALSE
	EndGlobalSection
	GlobalSection(ProjectConfigurationPlatforms) = postSolution
		{46BFE0BD-27D1-410E-A228-DFAB6A052853}.Debug|Any CPU.ActiveCfg = Debug|Any CPU
		{46BFE0BD-27D1-410E-A228-DFAB6A052853}.Debug|Any CPU.Build.0 = Debug|Any CPU
		{46BFE0BD-27D1-410E-A228-DFAB6A052853}.Debug|x64.ActiveCfg = Debug|Any CPU
		{46BFE0BD-27D1-410E-A228-DFAB6A052853}.Debug|x64.Build.0 = Debug|Any CPU
		{46BFE0BD-27D1-410E-A228-DFAB6A052853}.Debug|x86.ActiveCfg = Debug|Any CPU
		{46BFE0BD-27D1-410E-A228-DFAB6A052853}.Debug|x86.Build.0 = Debug|Any CPU
		{46BFE0BD-27D1-410E-A228-DFAB6A052853}.Release|Any CPU.ActiveCfg = Release|Any CPU
		{46BFE0BD-27D1-410E-A228-DFAB6A052853}.Release|Any CPU.Build.0 = Release|Any CPU
		{46BFE0BD-27D1-410E-A228-DFAB6A052853}.Release|x64.ActiveCfg = Release|Any CPU
		{46BFE0BD-27D1-410E-A228-DFAB6A052853}.Release|x64.Build.0 = Release|Any CPU
		{46BFE0BD-27D1-410E-A228-DFAB6A052853}.Release|x86.ActiveCfg = Release|Any CPU
		{46BFE0BD-27D1-410E-A228-DFAB6A052853}.Release|x86.Build.0 = Release|Any CPU
		{6AD61AF5-93F2-4808-8B10-0C9F02E2643D}.Debug|Any CPU.ActiveCfg = Debug|Any CPU
		{6AD61AF5-93F2-4808-8B10-0C9F02E2643D}.Debug|Any CPU.Build.0 = Debug|Any CPU
		{6AD61AF5-93F2-4808-8B10-0C9F02E2643D}.Debug|x64.ActiveCfg = Debug|Any CPU
		{6AD61AF5-93F2-4808-8B10-0C9F02E2643D}.Debug|x64.Build.0 = Debug|Any CPU
		{6AD61AF5-93F2-4808-8B10-0C9F02E2643D}.Debug|x86.ActiveCfg = Debug|Any CPU
		{6AD61AF5-93F2-4808-8B10-0C9F02E2643D}.Debug|x86.Build.0 = Debug|Any CPU
		{6AD61AF5-93F2-4808-8B10-0C9F02E2643D}.Release|Any CPU.ActiveCfg = Release|Any CPU
		{6AD61AF5-93F2-4808-8B10-0C9F02E2643D}.Release|Any CPU.Build.0 = Release|Any CPU
		{6AD61AF5-93F2-4808-8B10-0C9F02E2643D}.Release|x64.ActiveCfg = Release|Any CPU
		{6AD61AF5-93F2-4808-8B10-0C9F02E2643D}.Release|x64.Build.0 = Release|Any CPU
		{6AD61AF5-93F2-4808-8B10-0C9F02E2643D}.Release|x86.ActiveCfg = Release|Any CPU
		{6AD61AF5-93F2-4808-8B10-0C9F02E2643D}.Release|x86.Build.0 = Release|Any CPU
	EndGlobalSection
EndGlobal
